
Microsoft Visual Studio Solution File, Format Version 12.00
# Visual Studio Version 17
VisualStudioVersion = 17.1.32210.238
MinimumVisualStudioVersion = 10.0.40219.1
Project("{FAE04EC0-301F-11D3-BF4B-00C04F79EFBC}") = "MethodExerciseConsole", "MethodExerciseConsole\MethodExerciseConsole.csproj", "{0502A2F7-7A2B-4329-B04E-FF83986C281C}"
EndProject
Global
	GlobalSection(SolutionConfigurationPlatforms) = preSolution
		Debug|Any CPU = Debug|Any CPU
		Release|Any CPU = Release|Any CPU
	EndGlobalSection
	GlobalSection(ProjectConfigurationPlatforms) = postSolution
		{0502A2F7-7A2B-4329-B04E-FF83986C281C}.Debug|Any CPU.ActiveCfg = Debug|Any CPU
		{0502A2F7-7A2B-4329-B04E-FF83986C281C}.Debug|Any CPU.Build.0 = Debug|Any CPU
		{0502A2F7-7A2B-4329-B04E-FF83986C281C}.Release|Any CPU.ActiveCfg = Release|Any CPU
		{0502A2F7-7A2B-4329-B04E-FF83986C281C}.Release|Any CPU.Build.0 = Release|Any CPU
	EndGlobalSection
	GlobalSection(SolutionProperties) = preSolution
		HideSolutionNode = FALSE
	EndGlobalSection
	GlobalSection(ExtensibilityGlobals) = postSolution
		SolutionGuid = {03EA13B5-7D58-4647-94FA-9A6184BFC005}
	EndGlobalSection
EndGlobal
